// !$*UTF8*$!
{
	archiveVersion = 1;
	classes = {
	};
	objectVersion = 77;
	objects = {

/* Begin PBXBuildFile section */
		0B19BDEF314126F9140870D5 /* DataCollectorTests.swift in Sources */ = {isa = PBXBuildFile; fileRef = D248259967B84C491D184862 /* DataCollectorTests.swift */; };
		11C92971F684BD41B59BF78B /* PermissionManager.swift in Sources */ = {isa = PBXBuildFile; fileRef = 71E792AB7E1BBCD6A9EB451B /* PermissionManager.swift */; };
		2EB85834CBAB26B1529B8048 /* OnboardingView.swift in Sources */ = {isa = PBXBuildFile; fileRef = 3B1B3EBFADC09BAD0DBCFA12 /* OnboardingView.swift */; };
		30DB88ADF2443B69A886B5D6 /* DiaryListView.swift in Sources */ = {isa = PBXBuildFile; fileRef = 4374EB1AA77F418F99FD385F /* DiaryListView.swift */; };
		37FBF333E5336810E014CB78 /* GoogleGenerativeAI in Frameworks */ = {isa = PBXBuildFile; productRef = C86B33178AE90778BCAA8296 /* GoogleGenerativeAI */; };
		3D17A61A501312AF8D616AA2 /* DiaryGenerating.swift in Sources */ = {isa = PBXBuildFile; fileRef = 2B10CEF8EA7732361EF1906E /* DiaryGenerating.swift */; };
		3F2C8F5AC728F540CFC2830E /* PermissionPropertyTests.swift in Sources */ = {isa = PBXBuildFile; fileRef = 8DA47DB3674BFB26FA2F137C /* PermissionPropertyTests.swift */; };
		43B06179A751A556ED71936D /* PermissionManaging.swift in Sources */ = {isa = PBXBuildFile; fileRef = 7D723FFBC9BE1BEAD9FB42CA /* PermissionManaging.swift */; };
		48B20975693C2A094480219F /* APIKeyManagerTests.swift in Sources */ = {isa = PBXBuildFile; fileRef = 33A574A348B8BE4FF7B93A65 /* APIKeyManagerTests.swift */; };
		48EF4B9B24ADDF0C67A9761F /* CollectionWindow.swift in Sources */ = {isa = PBXBuildFile; fileRef = 5E0F64E69679D90522B819CD /* CollectionWindow.swift */; };
		4AB770242DCF9B7935146AB0 /* SchedulerTests.swift in Sources */ = {isa = PBXBuildFile; fileRef = F1BAD972FCC3CAE736AD0AF9 /* SchedulerTests.swift */; };
		54421576535E443A59407F40 /* dAIryApp.swift in Sources */ = {isa = PBXBuildFile; fileRef = CB03283E8868325E318D2165 /* dAIryApp.swift */; };
		59679B1DF336A0A294160064 /* MockDiaryGenerator.swift in Sources */ = {isa = PBXBuildFile; fileRef = 8FC921A79B469DE660ECA84F /* MockDiaryGenerator.swift */; };
		5BCDB11DA89DC8A23CDC7F1E /* dAIryTests.swift in Sources */ = {isa = PBXBuildFile; fileRef = B25032A1AF2C87CF6BF570EA /* dAIryTests.swift */; };
		5BEE9A3DCF8F63E1A06ED0AB /* DiaryGeneratorTests.swift in Sources */ = {isa = PBXBuildFile; fileRef = E6EC1667DD42BBC0E54417E9 /* DiaryGeneratorTests.swift */; };
		5E1F1F850E7EBB64CC1E96A5 /* PermissionManagerTests.swift in Sources */ = {isa = PBXBuildFile; fileRef = E8C7BDC5661495183EB338E0 /* PermissionManagerTests.swift */; };
		67944D256DBA7C9349B51299 /* StoragePropertyTests.swift in Sources */ = {isa = PBXBuildFile; fileRef = 25E0E996268FC18FD4E54357 /* StoragePropertyTests.swift */; };
		6DA9C226D6EEA947AB437C06 /* CollectionWindowTests.swift in Sources */ = {isa = PBXBuildFile; fileRef = 65A63A9284324FD8122E2A54 /* CollectionWindowTests.swift */; };
		79C4836B10E8D089DF52E443 /* PhotoData.swift in Sources */ = {isa = PBXBuildFile; fileRef = 5BDF8A1139037B0445FC102E /* PhotoData.swift */; };
		7C5C4F195DD59F32AA20CD9F /* DailyScheduler.swift in Sources */ = {isa = PBXBuildFile; fileRef = 8AB98616D6A330EA266C29E8 /* DailyScheduler.swift */; };
		7E737E65AF38AAE11CF2F1C3 /* DiaryEntry.swift in Sources */ = {isa = PBXBuildFile; fileRef = 7E4E0BB0B3824A37D20F052D /* DiaryEntry.swift */; };
		8C27CAE90D7B2BF2B6A15B5F /* Scheduling.swift in Sources */ = {isa = PBXBuildFile; fileRef = 2B6FCFD20722F1E6B254500D /* Scheduling.swift */; };
		96DEA406EBA5227BA572D422 /* DataCollectorPropertyTests.swift in Sources */ = {isa = PBXBuildFile; fileRef = 34D3831F5577B1E8CEBB5936 /* DataCollectorPropertyTests.swift */; };
		985C2A9567B9CD42D64E6AFB /* HealthData.swift in Sources */ = {isa = PBXBuildFile; fileRef = F01104EC5D6D049D7E170B4B /* HealthData.swift */; };
		9A7A539C4BE010611E15C8B2 /* TransactionData.swift in Sources */ = {isa = PBXBuildFile; fileRef = BE5B35286FC3853D7C346135 /* TransactionData.swift */; };
		9E3FE3CB39016FDC51F068A3 /* MockPermissionManager.swift in Sources */ = {isa = PBXBuildFile; fileRef = 5FE8FD9242B2FAB8905D5CC9 /* MockPermissionManager.swift */; };
		9EF837F915D940143AEA8A58 /* SettingsView.swift in Sources */ = {isa = PBXBuildFile; fileRef = A6003750DC982BD158CEDF35 /* SettingsView.swift */; };
		A29685FDDBAAA6BC9AFDC532 /* SchedulerPropertyTests.swift in Sources */ = {isa = PBXBuildFile; fileRef = BC711788DAA47725864DCCBB /* SchedulerPropertyTests.swift */; };
		A6FF4C21EF4B07DF555E717A /* MockAPIKeyManager.swift in Sources */ = {isa = PBXBuildFile; fileRef = 28B7B0DBFF9C9F393B67B2EF /* MockAPIKeyManager.swift */; };
		AC1F2B52CAD876A3FF5AA414 /* StorageManaging.swift in Sources */ = {isa = PBXBuildFile; fileRef = 95804198DAE599EDCF856B2D /* StorageManaging.swift */; };
		B44AD181514711C10345270C /* DiaryDetailView.swift in Sources */ = {isa = PBXBuildFile; fileRef = F539BA4D511CCE427F3315C1 /* DiaryDetailView.swift */; };
		C399B5F31DEAC1C869B6176F /* Enums.swift in Sources */ = {isa = PBXBuildFile; fileRef = ACD5EDD8040C720A26E76FEB /* Enums.swift */; };
		C97546756361441FE7E87CF9 /* SwiftCheck in Frameworks */ = {isa = PBXBuildFile; productRef = 3013B2B901EC86752BF50AB0 /* SwiftCheck */; };
		CD6FC7D668FAD14F46726E22 /* ContentView.swift in Sources */ = {isa = PBXBuildFile; fileRef = 2E799D38278481E27680D6DB /* ContentView.swift */; };
		D3D5EEA9424EB5A9BE3EA031 /* APIKeyPropertyTests.swift in Sources */ = {isa = PBXBuildFile; fileRef = 442DE97F2574E9B632A6FDA3 /* APIKeyPropertyTests.swift */; };
		D50E16769990797FCBE4F5B6 /* DiaryGenerator.swift in Sources */ = {isa = PBXBuildFile; fileRef = B1FE19F703A15CAE5089C9B6 /* DiaryGenerator.swift */; };
		D6185355593E03334A5B048A /* APIKeyManaging.swift in Sources */ = {isa = PBXBuildFile; fileRef = F3594352A1C5AAD172CCB7A7 /* APIKeyManaging.swift */; };
		D72078C668CBD006CE574339 /* MockDataCollector.swift in Sources */ = {isa = PBXBuildFile; fileRef = 5AF93ADD379159C29DD0B08A /* MockDataCollector.swift */; };
		E02CBC5466F8E2FF1D713CC3 /* DataCollector.swift in Sources */ = {isa = PBXBuildFile; fileRef = C72909C128A28B5A587BFCE9 /* DataCollector.swift */; };
		E31F2D85B543707ECC5334FA /* DiaryGeneratorPropertyTests.swift in Sources */ = {isa = PBXBuildFile; fileRef = 598AAB2221B2DD944924F8F5 /* DiaryGeneratorPropertyTests.swift */; };
		E7B18A065290DAAE35527ECF /* DataCollecting.swift in Sources */ = {isa = PBXBuildFile; fileRef = 1DB96FBDEAB417D1E2C1F374 /* DataCollecting.swift */; };
		F609184448651DEDC8867ED1 /* StorageManagerTests.swift in Sources */ = {isa = PBXBuildFile; fileRef = 4865EADC3D6C5D4948D2C9A3 /* StorageManagerTests.swift */; };
		F77032E4929640C48EBD1A0E /* MockStorageManager.swift in Sources */ = {isa = PBXBuildFile; fileRef = 16D4F3F046CC7C4EF4EB05CC /* MockStorageManager.swift */; };
		FA4B7AD60177B2611B313A28 /* APIKeyManager.swift in Sources */ = {isa = PBXBuildFile; fileRef = 6BC23D50CE8B4745DE56C9B7 /* APIKeyManager.swift */; };
		FEDDA873F029D440C833094B /* StorageManager.swift in Sources */ = {isa = PBXBuildFile; fileRef = 3F3DDDA818E555B8F81EB5C0 /* StorageManager.swift */; };
/* End PBXBuildFile section */

/* Begin PBXContainerItemProxy section */
		EC044234243E4B5A58CD6B6B /* PBXContainerItemProxy */ = {
			isa = PBXContainerItemProxy;
			containerPortal = DD0D3D36A00E4D9B2C582876 /* Project object */;
			proxyType = 1;
			remoteGlobalIDString = 2E7DB9FEC2CC9709D99B6E36;
			remoteInfo = dAIry;
		};
/* End PBXContainerItemProxy section */

/* Begin PBXFileReference section */
		16D4F3F046CC7C4EF4EB05CC /* MockStorageManager.swift */ = {isa = PBXFileReference; lastKnownFileType = sourcecode.swift; path = MockStorageManager.swift; sourceTree = "<group>"; };
		1DB96FBDEAB417D1E2C1F374 /* DataCollecting.swift */ = {isa = PBXFileReference; lastKnownFileType = sourcecode.swift; path = DataCollecting.swift; sourceTree = "<group>"; };
		25E0E996268FC18FD4E54357 /* StoragePropertyTests.swift */ = {isa = PBXFileReference; lastKnownFileType = sourcecode.swift; path = StoragePropertyTests.swift; sourceTree = "<group>"; };
		28B7B0DBFF9C9F393B67B2EF /* MockAPIKeyManager.swift */ = {isa = PBXFileReference; lastKnownFileType = sourcecode.swift; path = MockAPIKeyManager.swift; sourceTree = "<group>"; };
		2B10CEF8EA7732361EF1906E /* DiaryGenerating.swift */ = {isa = PBXFileReference; lastKnownFileType = sourcecode.swift; path = DiaryGenerating.swift; sourceTree = "<group>"; };
		2B6FCFD20722F1E6B254500D /* Scheduling.swift */ = {isa = PBXFileReference; lastKnownFileType = sourcecode.swift; path = Scheduling.swift; sourceTree = "<group>"; };
		2E799D38278481E27680D6DB /* ContentView.swift */ = {isa = PBXFileReference; lastKnownFileType = sourcecode.swift; path = ContentView.swift; sourceTree = "<group>"; };
		33A574A348B8BE4FF7B93A65 /* APIKeyManagerTests.swift */ = {isa = PBXFileReference; lastKnownFileType = sourcecode.swift; path = APIKeyManagerTests.swift; sourceTree = "<group>"; };
		34D3831F5577B1E8CEBB5936 /* DataCollectorPropertyTests.swift */ = {isa = PBXFileReference; lastKnownFileType = sourcecode.swift; path = DataCollectorPropertyTests.swift; sourceTree = "<group>"; };
		3B1B3EBFADC09BAD0DBCFA12 /* OnboardingView.swift */ = {isa = PBXFileReference; lastKnownFileType = sourcecode.swift; path = OnboardingView.swift; sourceTree = "<group>"; };
		3F3DDDA818E555B8F81EB5C0 /* StorageManager.swift */ = {isa = PBXFileReference; lastKnownFileType = sourcecode.swift; path = StorageManager.swift; sourceTree = "<group>"; };
		4374EB1AA77F418F99FD385F /* DiaryListView.swift */ = {isa = PBXFileReference; lastKnownFileType = sourcecode.swift; path = DiaryListView.swift; sourceTree = "<group>"; };
		442DE97F2574E9B632A6FDA3 /* APIKeyPropertyTests.swift */ = {isa = PBXFileReference; lastKnownFileType = sourcecode.swift; path = APIKeyPropertyTests.swift; sourceTree = "<group>"; };
		47037685BE951EF0248143B1 /* dAIryTests.xctest */ = {isa = PBXFileReference; includeInIndex = 0; lastKnownFileType = wrapper.cfbundle; path = dAIryTests.xctest; sourceTree = BUILT_PRODUCTS_DIR; };
		4865EADC3D6C5D4948D2C9A3 /* StorageManagerTests.swift */ = {isa = PBXFileReference; lastKnownFileType = sourcecode.swift; path = StorageManagerTests.swift; sourceTree = "<group>"; };
		598AAB2221B2DD944924F8F5 /* DiaryGeneratorPropertyTests.swift */ = {isa = PBXFileReference; lastKnownFileType = sourcecode.swift; path = DiaryGeneratorPropertyTests.swift; sourceTree = "<group>"; };
		5AF93ADD379159C29DD0B08A /* MockDataCollector.swift */ = {isa = PBXFileReference; lastKnownFileType = sourcecode.swift; path = MockDataCollector.swift; sourceTree = "<group>"; };
		5BDF8A1139037B0445FC102E /* PhotoData.swift */ = {isa = PBXFileReference; lastKnownFileType = sourcecode.swift; path = PhotoData.swift; sourceTree = "<group>"; };
		5E0F64E69679D90522B819CD /* CollectionWindow.swift */ = {isa = PBXFileReference; lastKnownFileType = sourcecode.swift; path = CollectionWindow.swift; sourceTree = "<group>"; };
		5FE8FD9242B2FAB8905D5CC9 /* MockPermissionManager.swift */ = {isa = PBXFileReference; lastKnownFileType = sourcecode.swift; path = MockPermissionManager.swift; sourceTree = "<group>"; };
		65A63A9284324FD8122E2A54 /* CollectionWindowTests.swift */ = {isa = PBXFileReference; lastKnownFileType = sourcecode.swift; path = CollectionWindowTests.swift; sourceTree = "<group>"; };
		6BC23D50CE8B4745DE56C9B7 /* APIKeyManager.swift */ = {isa = PBXFileReference; lastKnownFileType = sourcecode.swift; path = APIKeyManager.swift; sourceTree = "<group>"; };
		71E792AB7E1BBCD6A9EB451B /* PermissionManager.swift */ = {isa = PBXFileReference; lastKnownFileType = sourcecode.swift; path = PermissionManager.swift; sourceTree = "<group>"; };
		7D723FFBC9BE1BEAD9FB42CA /* PermissionManaging.swift */ = {isa = PBXFileReference; lastKnownFileType = sourcecode.swift; path = PermissionManaging.swift; sourceTree = "<group>"; };
		7DE5874417D3FCC1BFCB611D /* dAIry.app */ = {isa = PBXFileReference; includeInIndex = 0; lastKnownFileType = wrapper.application; path = dAIry.app; sourceTree = BUILT_PRODUCTS_DIR; };
		7E4E0BB0B3824A37D20F052D /* DiaryEntry.swift */ = {isa = PBXFileReference; lastKnownFileType = sourcecode.swift; path = DiaryEntry.swift; sourceTree = "<group>"; };
		8AB98616D6A330EA266C29E8 /* DailyScheduler.swift */ = {isa = PBXFileReference; lastKnownFileType = sourcecode.swift; path = DailyScheduler.swift; sourceTree = "<group>"; };
		8DA47DB3674BFB26FA2F137C /* PermissionPropertyTests.swift */ = {isa = PBXFileReference; lastKnownFileType = sourcecode.swift; path = PermissionPropertyTests.swift; sourceTree = "<group>"; };
		8FC921A79B469DE660ECA84F /* MockDiaryGenerator.swift */ = {isa = PBXFileReference; lastKnownFileType = sourcecode.swift; path = MockDiaryGenerator.swift; sourceTree = "<group>"; };
		95804198DAE599EDCF856B2D /* StorageManaging.swift */ = {isa = PBXFileReference; lastKnownFileType = sourcecode.swift; path = StorageManaging.swift; sourceTree = "<group>"; };
		A6003750DC982BD158CEDF35 /* SettingsView.swift */ = {isa = PBXFileReference; lastKnownFileType = sourcecode.swift; path = SettingsView.swift; sourceTree = "<group>"; };
		ACD5EDD8040C720A26E76FEB /* Enums.swift */ = {isa = PBXFileReference; lastKnownFileType = sourcecode.swift; path = Enums.swift; sourceTree = "<group>"; };
		B1FE19F703A15CAE5089C9B6 /* DiaryGenerator.swift */ = {isa = PBXFileReference; lastKnownFileType = sourcecode.swift; path = DiaryGenerator.swift; sourceTree = "<group>"; };
		B25032A1AF2C87CF6BF570EA /* dAIryTests.swift */ = {isa = PBXFileReference; lastKnownFileType = sourcecode.swift; path = dAIryTests.swift; sourceTree = "<group>"; };
		BC711788DAA47725864DCCBB /* SchedulerPropertyTests.swift */ = {isa = PBXFileReference; lastKnownFileType = sourcecode.swift; path = SchedulerPropertyTests.swift; sourceTree = "<group>"; };
		BE5B35286FC3853D7C346135 /* TransactionData.swift */ = {isa = PBXFileReference; lastKnownFileType = sourcecode.swift; path = TransactionData.swift; sourceTree = "<group>"; };
		C72909C128A28B5A587BFCE9 /* DataCollector.swift */ = {isa = PBXFileReference; lastKnownFileType = sourcecode.swift; path = DataCollector.swift; sourceTree = "<group>"; };
		CB03283E8868325E318D2165 /* dAIryApp.swift */ = {isa = PBXFileReference; lastKnownFileType = sourcecode.swift; path = dAIryApp.swift; sourceTree = "<group>"; };
		D248259967B84C491D184862 /* DataCollectorTests.swift */ = {isa = PBXFileReference; lastKnownFileType = sourcecode.swift; path = DataCollectorTests.swift; sourceTree = "<group>"; };
		E6EC1667DD42BBC0E54417E9 /* DiaryGeneratorTests.swift */ = {isa = PBXFileReference; lastKnownFileType = sourcecode.swift; path = DiaryGeneratorTests.swift; sourceTree = "<group>"; };
		E8C7BDC5661495183EB338E0 /* PermissionManagerTests.swift */ = {isa = PBXFileReference; lastKnownFileType = sourcecode.swift; path = PermissionManagerTests.swift; sourceTree = "<group>"; };
		EDFFDDF68082CCF3DCCA4BA5 /* dAIry.entitlements */ = {isa = PBXFileReference; lastKnownFileType = text.plist.entitlements; path = dAIry.entitlements; sourceTree = "<group>"; };
		F01104EC5D6D049D7E170B4B /* HealthData.swift */ = {isa = PBXFileReference; lastKnownFileType = sourcecode.swift; path = HealthData.swift; sourceTree = "<group>"; };
		F1BAD972FCC3CAE736AD0AF9 /* SchedulerTests.swift */ = {isa = PBXFileReference; lastKnownFileType = sourcecode.swift; path = SchedulerTests.swift; sourceTree = "<group>"; };
		F3594352A1C5AAD172CCB7A7 /* APIKeyManaging.swift */ = {isa = PBXFileReference; lastKnownFileType = sourcecode.swift; path = APIKeyManaging.swift; sourceTree = "<group>"; };
		F539BA4D511CCE427F3315C1 /* DiaryDetailView.swift */ = {isa = PBXFileReference; lastKnownFileType = sourcecode.swift; path = DiaryDetailView.swift; sourceTree = "<group>"; };
/* End PBXFileReference section */

/* Begin PBXFrameworksBuildPhase section */
		D6999EABAFE1F059BA924BB9 /* Frameworks */ = {
			isa = PBXFrameworksBuildPhase;
			buildActionMask = 2147483647;
			files = (
				C97546756361441FE7E87CF9 /* SwiftCheck in Frameworks */,
			);
			runOnlyForDeploymentPostprocessing = 0;
		};
		F91DA0A911C0168907885C8C /* Frameworks */ = {
			isa = PBXFrameworksBuildPhase;
			buildActionMask = 2147483647;
			files = (
				37FBF333E5336810E014CB78 /* GoogleGenerativeAI in Frameworks */,
			);
			runOnlyForDeploymentPostprocessing = 0;
		};
/* End PBXFrameworksBuildPhase section */

/* Begin PBXGroup section */
		01139C24015F99EC22CE10F2 = {
			isa = PBXGroup;
			children = (
				1B93609DA6277B3AF5D23974 /* dAIry */,
				32DF579A37E05D7421C3F39B /* dAIryTests */,
				04CB295AAED8A9C02E4EF02E /* Products */,
			);
			sourceTree = "<group>";
		};
		04CB295AAED8A9C02E4EF02E /* Products */ = {
			isa = PBXGroup;
			children = (
				7DE5874417D3FCC1BFCB611D /* dAIry.app */,
				47037685BE951EF0248143B1 /* dAIryTests.xctest */,
			);
			name = Products;
			sourceTree = "<group>";
		};
		1B93609DA6277B3AF5D23974 /* dAIry */ = {
			isa = PBXGroup;
			children = (
				2E799D38278481E27680D6DB /* ContentView.swift */,
				EDFFDDF68082CCF3DCCA4BA5 /* dAIry.entitlements */,
				CB03283E8868325E318D2165 /* dAIryApp.swift */,
				3EA600B1D81F33221BE4BD09 /* Models */,
				E18FF7590DCEC81116D2F813 /* Services */,
				AD152B442262EBFD17D33E89 /* Views */,
			);
			path = dAIry;
			sourceTree = "<group>";
		};
		32DF579A37E05D7421C3F39B /* dAIryTests */ = {
			isa = PBXGroup;
			children = (
				33A574A348B8BE4FF7B93A65 /* APIKeyManagerTests.swift */,
				65A63A9284324FD8122E2A54 /* CollectionWindowTests.swift */,
				B25032A1AF2C87CF6BF570EA /* dAIryTests.swift */,
				D248259967B84C491D184862 /* DataCollectorTests.swift */,
				E6EC1667DD42BBC0E54417E9 /* DiaryGeneratorTests.swift */,
				E8C7BDC5661495183EB338E0 /* PermissionManagerTests.swift */,
				F1BAD972FCC3CAE736AD0AF9 /* SchedulerTests.swift */,
				4865EADC3D6C5D4948D2C9A3 /* StorageManagerTests.swift */,
				E110AA60CE5DADD1A2B81C93 /* Mocks */,
				F2C8985DC0D2D1D3C8C1085A /* PropertyTests */,
			);
			path = dAIryTests;
			sourceTree = "<group>";
		};
		3EA600B1D81F33221BE4BD09 /* Models */ = {
			isa = PBXGroup;
			children = (
				5E0F64E69679D90522B819CD /* CollectionWindow.swift */,
				7E4E0BB0B3824A37D20F052D /* DiaryEntry.swift */,
				ACD5EDD8040C720A26E76FEB /* Enums.swift */,
				F01104EC5D6D049D7E170B4B /* HealthData.swift */,
				5BDF8A1139037B0445FC102E /* PhotoData.swift */,
				BE5B35286FC3853D7C346135 /* TransactionData.swift */,
			);
			path = Models;
			sourceTree = "<group>";
		};
		AD152B442262EBFD17D33E89 /* Views */ = {
			isa = PBXGroup;
			children = (
				F539BA4D511CCE427F3315C1 /* DiaryDetailView.swift */,
				4374EB1AA77F418F99FD385F /* DiaryListView.swift */,
				3B1B3EBFADC09BAD0DBCFA12 /* OnboardingView.swift */,
				A6003750DC982BD158CEDF35 /* SettingsView.swift */,
			);
			path = Views;
			sourceTree = "<group>";
		};
		E110AA60CE5DADD1A2B81C93 /* Mocks */ = {
			isa = PBXGroup;
			children = (
				28B7B0DBFF9C9F393B67B2EF /* MockAPIKeyManager.swift */,
				5AF93ADD379159C29DD0B08A /* MockDataCollector.swift */,
				8FC921A79B469DE660ECA84F /* MockDiaryGenerator.swift */,
				5FE8FD9242B2FAB8905D5CC9 /* MockPermissionManager.swift */,
				16D4F3F046CC7C4EF4EB05CC /* MockStorageManager.swift */,
			);
			path = Mocks;
			sourceTree = "<group>";
		};
		E18FF7590DCEC81116D2F813 /* Services */ = {
			isa = PBXGroup;
			children = (
				6BC23D50CE8B4745DE56C9B7 /* APIKeyManager.swift */,
				F3594352A1C5AAD172CCB7A7 /* APIKeyManaging.swift */,
				8AB98616D6A330EA266C29E8 /* DailyScheduler.swift */,
				1DB96FBDEAB417D1E2C1F374 /* DataCollecting.swift */,
				C72909C128A28B5A587BFCE9 /* DataCollector.swift */,
				2B10CEF8EA7732361EF1906E /* DiaryGenerating.swift */,
				B1FE19F703A15CAE5089C9B6 /* DiaryGenerator.swift */,
				71E792AB7E1BBCD6A9EB451B /* PermissionManager.swift */,
				7D723FFBC9BE1BEAD9FB42CA /* PermissionManaging.swift */,
				2B6FCFD20722F1E6B254500D /* Scheduling.swift */,
				3F3DDDA818E555B8F81EB5C0 /* StorageManager.swift */,
				95804198DAE599EDCF856B2D /* StorageManaging.swift */,
			);
			path = Services;
			sourceTree = "<group>";
		};
		F2C8985DC0D2D1D3C8C1085A /* PropertyTests */ = {
			isa = PBXGroup;
			children = (
				442DE97F2574E9B632A6FDA3 /* APIKeyPropertyTests.swift */,
				34D3831F5577B1E8CEBB5936 /* DataCollectorPropertyTests.swift */,
				598AAB2221B2DD944924F8F5 /* DiaryGeneratorPropertyTests.swift */,
				8DA47DB3674BFB26FA2F137C /* PermissionPropertyTests.swift */,
				BC711788DAA47725864DCCBB /* SchedulerPropertyTests.swift */,
				25E0E996268FC18FD4E54357 /* StoragePropertyTests.swift */,
			);
			path = PropertyTests;
			sourceTree = "<group>";
		};
/* End PBXGroup section */

/* Begin PBXNativeTarget section */
		0ECCDC994F13B11BE5063EB7 /* dAIryTests */ = {
			isa = PBXNativeTarget;
			buildConfigurationList = 20E1D8802DD94D0EB0C349E7 /* Build configuration list for PBXNativeTarget "dAIryTests" */;
			buildPhases = (
				40680D59AC113104FD5900B4 /* Sources */,
				D6999EABAFE1F059BA924BB9 /* Frameworks */,
			);
			buildRules = (
			);
			dependencies = (
				08D5B20D849C95F16BA53E7B /* PBXTargetDependency */,
			);
			name = dAIryTests;
			packageProductDependencies = (
				3013B2B901EC86752BF50AB0 /* SwiftCheck */,
			);
			productName = dAIryTests;
			productReference = 47037685BE951EF0248143B1 /* dAIryTests.xctest */;
			productType = "com.apple.product-type.bundle.unit-test";
		};
		2E7DB9FEC2CC9709D99B6E36 /* dAIry */ = {
			isa = PBXNativeTarget;
			buildConfigurationList = 7B18DFA65A8A3F64FEAC9C8F /* Build configuration list for PBXNativeTarget "dAIry" */;
			buildPhases = (
				93E5CAD3BD96D2F316CAF554 /* Sources */,
				F91DA0A911C0168907885C8C /* Frameworks */,
			);
			buildRules = (
			);
			dependencies = (
			);
			name = dAIry;
			packageProductDependencies = (
				C86B33178AE90778BCAA8296 /* GoogleGenerativeAI */,
			);
			productName = dAIry;
			productReference = 7DE5874417D3FCC1BFCB611D /* dAIry.app */;
			productType = "com.apple.product-type.application";
		};
/* End PBXNativeTarget section */

/* Begin PBXProject section */
		DD0D3D36A00E4D9B2C582876 /* Project object */ = {
			isa = PBXProject;
			attributes = {
				BuildIndependentTargetsInParallel = YES;
				LastUpgradeCheck = 1500;
				TargetAttributes = {
				};
			};
			buildConfigurationList = 936D4A8609F6CDEAAB5FBF49 /* Build configuration list for PBXProject "dAIry" */;
			developmentRegion = en;
			hasScannedForEncodings = 0;
			knownRegions = (
				Base,
				en,
			);
			mainGroup = 01139C24015F99EC22CE10F2;
			minimizedProjectReferenceProxies = 1;
			packageReferences = (
				B82B7B87A642BD0E2E61F990 /* XCRemoteSwiftPackageReference "SwiftCheck" */,
				D1F28F03B1B60FF1FCD27FA4 /* XCRemoteSwiftPackageReference "generative-ai-swift" */,
			);
			preferredProjectObjectVersion = 77;
			productRefGroup = 04CB295AAED8A9C02E4EF02E /* Products */;
			projectDirPath = "";
			projectRoot = "";
			targets = (
				2E7DB9FEC2CC9709D99B6E36 /* dAIry */,
				0ECCDC994F13B11BE5063EB7 /* dAIryTests */,
			);
		};
/* End PBXProject section */

/* Begin PBXSourcesBuildPhase section */
		40680D59AC113104FD5900B4 /* Sources */ = {
			isa = PBXSourcesBuildPhase;
			buildActionMask = 2147483647;
			files = (
				48B20975693C2A094480219F /* APIKeyManagerTests.swift in Sources */,
				D3D5EEA9424EB5A9BE3EA031 /* APIKeyPropertyTests.swift in Sources */,
				6DA9C226D6EEA947AB437C06 /* CollectionWindowTests.swift in Sources */,
				96DEA406EBA5227BA572D422 /* DataCollectorPropertyTests.swift in Sources */,
				0B19BDEF314126F9140870D5 /* DataCollectorTests.swift in Sources */,
				E31F2D85B543707ECC5334FA /* DiaryGeneratorPropertyTests.swift in Sources */,
				5BEE9A3DCF8F63E1A06ED0AB /* DiaryGeneratorTests.swift in Sources */,
				A6FF4C21EF4B07DF555E717A /* MockAPIKeyManager.swift in Sources */,
				D72078C668CBD006CE574339 /* MockDataCollector.swift in Sources */,
				59679B1DF336A0A294160064 /* MockDiaryGenerator.swift in Sources */,
				9E3FE3CB39016FDC51F068A3 /* MockPermissionManager.swift in Sources */,
				F77032E4929640C48EBD1A0E /* MockStorageManager.swift in Sources */,
				5E1F1F850E7EBB64CC1E96A5 /* PermissionManagerTests.swift in Sources */,
				3F2C8F5AC728F540CFC2830E /* PermissionPropertyTests.swift in Sources */,
				A29685FDDBAAA6BC9AFDC532 /* SchedulerPropertyTests.swift in Sources */,
				4AB770242DCF9B7935146AB0 /* SchedulerTests.swift in Sources */,
				F609184448651DEDC8867ED1 /* StorageManagerTests.swift in Sources */,
				67944D256DBA7C9349B51299 /* StoragePropertyTests.swift in Sources */,
				5BCDB11DA89DC8A23CDC7F1E /* dAIryTests.swift in Sources */,
			);
			runOnlyForDeploymentPostprocessing = 0;
		};
		93E5CAD3BD96D2F316CAF554 /* Sources */ = {
			isa = PBXSourcesBuildPhase;
			buildActionMask = 2147483647;
			files = (
				FA4B7AD60177B2611B313A28 /* APIKeyManager.swift in Sources */,
				D6185355593E03334A5B048A /* APIKeyManaging.swift in Sources */,
				48EF4B9B24ADDF0C67A9761F /* CollectionWindow.swift in Sources */,
				CD6FC7D668FAD14F46726E22 /* ContentView.swift in Sources */,
				7C5C4F195DD59F32AA20CD9F /* DailyScheduler.swift in Sources */,
				E7B18A065290DAAE35527ECF /* DataCollecting.swift in Sources */,
				E02CBC5466F8E2FF1D713CC3 /* DataCollector.swift in Sources */,
				B44AD181514711C10345270C /* DiaryDetailView.swift in Sources */,
				7E737E65AF38AAE11CF2F1C3 /* DiaryEntry.swift in Sources */,
				3D17A61A501312AF8D616AA2 /* DiaryGenerating.swift in Sources */,
				D50E16769990797FCBE4F5B6 /* DiaryGenerator.swift in Sources */,
				30DB88ADF2443B69A886B5D6 /* DiaryListView.swift in Sources */,
				C399B5F31DEAC1C869B6176F /* Enums.swift in Sources */,
				985C2A9567B9CD42D64E6AFB /* HealthData.swift in Sources */,
				2EB85834CBAB26B1529B8048 /* OnboardingView.swift in Sources */,
				11C92971F684BD41B59BF78B /* PermissionManager.swift in Sources */,
				43B06179A751A556ED71936D /* PermissionManaging.swift in Sources */,
				79C4836B10E8D089DF52E443 /* PhotoData.swift in Sources */,
				8C27CAE90D7B2BF2B6A15B5F /* Scheduling.swift in Sources */,
				9EF837F915D940143AEA8A58 /* SettingsView.swift in Sources */,
				FEDDA873F029D440C833094B /* StorageManager.swift in Sources */,
				AC1F2B52CAD876A3FF5AA414 /* StorageManaging.swift in Sources */,
				9A7A539C4BE010611E15C8B2 /* TransactionData.swift in Sources */,
				54421576535E443A59407F40 /* dAIryApp.swift in Sources */,
			);
			runOnlyForDeploymentPostprocessing = 0;
		};
/* End PBXSourcesBuildPhase section */

/* Begin PBXTargetDependency section */
		08D5B20D849C95F16BA53E7B /* PBXTargetDependency */ = {
			isa = PBXTargetDependency;
			target = 2E7DB9FEC2CC9709D99B6E36 /* dAIry */;
			targetProxy = EC044234243E4B5A58CD6B6B /* PBXContainerItemProxy */;
		};
/* End PBXTargetDependency section */

/* Begin XCBuildConfiguration section */
		3245776D8D36DE22E66E1837 /* Release */ = {
			isa = XCBuildConfiguration;
			buildSettings = {
				BUNDLE_LOADER = "$(TEST_HOST)";
				LD_RUNPATH_SEARCH_PATHS = (
					"$(inherited)",
					"@executable_path/Frameworks",
					"@loader_path/Frameworks",
				);
				PRODUCT_BUNDLE_IDENTIFIER = com.dairy.dAIryTests;
				SDKROOT = iphoneos;
				TARGETED_DEVICE_FAMILY = "1,2";
				TEST_HOST = "$(BUILT_PRODUCTS_DIR)/dAIry.app/$(BUNDLE_EXECUTABLE_FOLDER_PATH)/dAIry";
			};
			name = Release;
		};
		347101F82ACB71A0B33CE81F /* Release */ = {
			isa = XCBuildConfiguration;
			buildSettings = {
				ASSETCATALOG_COMPILER_APPICON_NAME = AppIcon;
				CODE_SIGN_ENTITLEMENTS = dAIry/dAIry.entitlements;
				CODE_SIGN_IDENTITY = "iPhone Developer";
				GENERATE_INFOPLIST_FILE = NO;
				INFOPLIST_FILE = dAIry/Info.plist;
				LD_RUNPATH_SEARCH_PATHS = (
					"$(inherited)",
					"@executable_path/Frameworks",
				);
				PRODUCT_BUNDLE_IDENTIFIER = com.dairy.dAIry;
				SDKROOT = iphoneos;
				TARGETED_DEVICE_FAMILY = "1,2";
			};
			name = Release;
		};
		37206D17A303678A675762AC /* Release */ = {
			isa = XCBuildConfiguration;
			buildSettings = {
				ALWAYS_SEARCH_USER_PATHS = NO;
				CLANG_ANALYZER_NONNULL = YES;
				CLANG_ANALYZER_NUMBER_OBJECT_CONVERSION = YES_AGGRESSIVE;
				CLANG_CXX_LANGUAGE_STANDARD = "gnu++14";
				CLANG_CXX_LIBRARY = "libc++";
				CLANG_ENABLE_MODULES = YES;
				CLANG_ENABLE_OBJC_ARC = YES;
				CLANG_ENABLE_OBJC_WEAK = YES;
				CLANG_WARN_BLOCK_CAPTURE_AUTORELEASING = YES;
				CLANG_WARN_BOOL_CONVERSION = YES;
				CLANG_WARN_COMMA = YES;
				CLANG_WARN_CONSTANT_CONVERSION = YES;
				CLANG_WARN_DEPRECATED_OBJC_IMPLEMENTATIONS = YES;
				CLANG_WARN_DIRECT_OBJC_ISA_USAGE = YES_ERROR;
				CLANG_WARN_DOCUMENTATION_COMMENTS = YES;
				CLANG_WARN_EMPTY_BODY = YES;
				CLANG_WARN_ENUM_CONVERSION = YES;
				CLANG_WARN_INFINITE_RECURSION = YES;
				CLANG_WARN_INT_CONVERSION = YES;
				CLANG_WARN_NON_LITERAL_NULL_CONVERSION = YES;
				CLANG_WARN_OBJC_IMPLICIT_RETAIN_SELF = YES;
				CLANG_WARN_OBJC_LITERAL_CONVERSION = YES;
				CLANG_WARN_OBJC_ROOT_CLASS = YES_ERROR;
				CLANG_WARN_QUOTED_INCLUDE_IN_FRAMEWORK_HEADER = YES;
				CLANG_WARN_RANGE_LOOP_ANALYSIS = YES;
				CLANG_WARN_STRICT_PROTOTYPES = YES;
				CLANG_WARN_SUSPICIOUS_MOVE = YES;
				CLANG_WARN_UNGUARDED_AVAILABILITY = YES_AGGRESSIVE;
				CLANG_WARN_UNREACHABLE_CODE = YES;
				CLANG_WARN__DUPLICATE_METHOD_MATCH = YES;
				COPY_PHASE_STRIP = NO;
				DEBUG_INFORMATION_FORMAT = "dwarf-with-dsym";
				ENABLE_NS_ASSERTIONS = NO;
				ENABLE_STRICT_OBJC_MSGSEND = YES;
				GCC_C_LANGUAGE_STANDARD = gnu11;
				GCC_NO_COMMON_BLOCKS = YES;
				GCC_WARN_64_TO_32_BIT_CONVERSION = YES;
				GCC_WARN_ABOUT_RETURN_TYPE = YES_ERROR;
				GCC_WARN_UNDECLARED_SELECTOR = YES;
				GCC_WARN_UNINITIALIZED_AUTOS = YES_AGGRESSIVE;
				GCC_WARN_UNUSED_FUNCTION = YES;
				GCC_WARN_UNUSED_VARIABLE = YES;
				INFOPLIST_FILE = dAIry/Info.plist;
				IPHONEOS_DEPLOYMENT_TARGET = 17.0;
				MTL_ENABLE_DEBUG_INFO = NO;
				MTL_FAST_MATH = YES;
				PRODUCT_NAME = "$(TARGET_NAME)";
				SDKROOT = iphoneos;
				SWIFT_COMPILATION_MODE = wholemodule;
				SWIFT_OPTIMIZATION_LEVEL = "-O";
				SWIFT_VERSION = 5.9;
			};
			name = Release;
		};
		9CA6A82240BA5C44AAF3684B /* Debug */ = {
			isa = XCBuildConfiguration;
			buildSettings = {
				ASSETCATALOG_COMPILER_APPICON_NAME = AppIcon;
				CODE_SIGN_ENTITLEMENTS = dAIry/dAIry.entitlements;
				CODE_SIGN_IDENTITY = "iPhone Developer";
				GENERATE_INFOPLIST_FILE = NO;
				INFOPLIST_FILE = dAIry/Info.plist;
				LD_RUNPATH_SEARCH_PATHS = (
					"$(inherited)",
					"@executable_path/Frameworks",
				);
				PRODUCT_BUNDLE_IDENTIFIER = com.dairy.dAIry;
				SDKROOT = iphoneos;
				TARGETED_DEVICE_FAMILY = "1,2";
			};
			name = Debug;
		};
		9F8BF6962D30741A5B0388F4 /* Debug */ = {
			isa = XCBuildConfiguration;
			buildSettings = {
				ALWAYS_SEARCH_USER_PATHS = NO;
				CLANG_ANALYZER_NONNULL = YES;
				CLANG_ANALYZER_NUMBER_OBJECT_CONVERSION = YES_AGGRESSIVE;
				CLANG_CXX_LANGUAGE_STANDARD = "gnu++14";
				CLANG_CXX_LIBRARY = "libc++";
				CLANG_ENABLE_MODULES = YES;
				CLANG_ENABLE_OBJC_ARC = YES;
				CLANG_ENABLE_OBJC_WEAK = YES;
				CLANG_WARN_BLOCK_CAPTURE_AUTORELEASING = YES;
				CLANG_WARN_BOOL_CONVERSION = YES;
				CLANG_WARN_COMMA = YES;
				CLANG_WARN_CONSTANT_CONVERSION = YES;
				CLANG_WARN_DEPRECATED_OBJC_IMPLEMENTATIONS = YES;
				CLANG_WARN_DIRECT_OBJC_ISA_USAGE = YES_ERROR;
				CLANG_WARN_DOCUMENTATION_COMMENTS = YES;
				CLANG_WARN_EMPTY_BODY = YES;
				CLANG_WARN_ENUM_CONVERSION = YES;
				CLANG_WARN_INFINITE_RECURSION = YES;
				CLANG_WARN_INT_CONVERSION = YES;
				CLANG_WARN_NON_LITERAL_NULL_CONVERSION = YES;
				CLANG_WARN_OBJC_IMPLICIT_RETAIN_SELF = YES;
				CLANG_WARN_OBJC_LITERAL_CONVERSION = YES;
				CLANG_WARN_OBJC_ROOT_CLASS = YES_ERROR;
				CLANG_WARN_QUOTED_INCLUDE_IN_FRAMEWORK_HEADER = YES;
				CLANG_WARN_RANGE_LOOP_ANALYSIS = YES;
				CLANG_WARN_STRICT_PROTOTYPES = YES;
				CLANG_WARN_SUSPICIOUS_MOVE = YES;
				CLANG_WARN_UNGUARDED_AVAILABILITY = YES_AGGRESSIVE;
				CLANG_WARN_UNREACHABLE_CODE = YES;
				CLANG_WARN__DUPLICATE_METHOD_MATCH = YES;
				COPY_PHASE_STRIP = NO;
				DEBUG_INFORMATION_FORMAT = dwarf;
				ENABLE_STRICT_OBJC_MSGSEND = YES;
				ENABLE_TESTABILITY = YES;
				GCC_C_LANGUAGE_STANDARD = gnu11;
				GCC_DYNAMIC_NO_PIC = NO;
				GCC_NO_COMMON_BLOCKS = YES;
				GCC_OPTIMIZATION_LEVEL = 0;
				GCC_PREPROCESSOR_DEFINITIONS = (
					"$(inherited)",
					"DEBUG=1",
				);
				GCC_WARN_64_TO_32_BIT_CONVERSION = YES;
				GCC_WARN_ABOUT_RETURN_TYPE = YES_ERROR;
				GCC_WARN_UNDECLARED_SELECTOR = YES;
				GCC_WARN_UNINITIALIZED_AUTOS = YES_AGGRESSIVE;
				GCC_WARN_UNUSED_FUNCTION = YES;
				GCC_WARN_UNUSED_VARIABLE = YES;
				INFOPLIST_FILE = dAIry/Info.plist;
				IPHONEOS_DEPLOYMENT_TARGET = 17.0;
				MTL_ENABLE_DEBUG_INFO = INCLUDE_SOURCE;
				MTL_FAST_MATH = YES;
				ONLY_ACTIVE_ARCH = YES;
				PRODUCT_NAME = "$(TARGET_NAME)";
				SDKROOT = iphoneos;
				SWIFT_ACTIVE_COMPILATION_CONDITIONS = DEBUG;
				SWIFT_OPTIMIZATION_LEVEL = "-Onone";
				SWIFT_VERSION = 5.9;
			};
			name = Debug;
		};
		A89F35E903BCD9ED317AB991 /* Debug */ = {
			isa = XCBuildConfiguration;
			buildSettings = {
				BUNDLE_LOADER = "$(TEST_HOST)";
				LD_RUNPATH_SEARCH_PATHS = (
					"$(inherited)",
					"@executable_path/Frameworks",
					"@loader_path/Frameworks",
				);
				PRODUCT_BUNDLE_IDENTIFIER = com.dairy.dAIryTests;
				SDKROOT = iphoneos;
				TARGETED_DEVICE_FAMILY = "1,2";
				TEST_HOST = "$(BUILT_PRODUCTS_DIR)/dAIry.app/$(BUNDLE_EXECUTABLE_FOLDER_PATH)/dAIry";
			};
			name = Debug;
		};
/* End XCBuildConfiguration section */

/* Begin XCConfigurationList section */
		20E1D8802DD94D0EB0C349E7 /* Build configuration list for PBXNativeTarget "dAIryTests" */ = {
			isa = XCConfigurationList;
			buildConfigurations = (
				A89F35E903BCD9ED317AB991 /* Debug */,
				3245776D8D36DE22E66E1837 /* Release */,
			);
			defaultConfigurationIsVisible = 0;
			defaultConfigurationName = Debug;
		};
		7B18DFA65A8A3F64FEAC9C8F /* Build configuration list for PBXNativeTarget "dAIry" */ = {
			isa = XCConfigurationList;
			buildConfigurations = (
				9CA6A82240BA5C44AAF3684B /* Debug */,
				347101F82ACB71A0B33CE81F /* Release */,
			);
			defaultConfigurationIsVisible = 0;
			defaultConfigurationName = Debug;
		};
		936D4A8609F6CDEAAB5FBF49 /* Build configuration list for PBXProject "dAIry" */ = {
			isa = XCConfigurationList;
			buildConfigurations = (
				9F8BF6962D30741A5B0388F4 /* Debug */,
				37206D17A303678A675762AC /* Release */,
			);
			defaultConfigurationIsVisible = 0;
			defaultConfigurationName = Debug;
		};
/* End XCConfigurationList section */

/* Begin XCRemoteSwiftPackageReference section */
		B82B7B87A642BD0E2E61F990 /* XCRemoteSwiftPackageReference "SwiftCheck" */ = {
			isa = XCRemoteSwiftPackageReference;
			repositoryURL = "https://github.com/typelift/SwiftCheck.git";
			requirement = {
				kind = upToNextMajorVersion;
				minimumVersion = 0.12.0;
			};
		};
		D1F28F03B1B60FF1FCD27FA4 /* XCRemoteSwiftPackageReference "generative-ai-swift" */ = {
			isa = XCRemoteSwiftPackageReference;
			repositoryURL = "https://github.com/google-gemini/generative-ai-swift.git";
			requirement = {
				kind = upToNextMajorVersion;
				minimumVersion = 0.5.6;
			};
		};
/* End XCRemoteSwiftPackageReference section */

/* Begin XCSwiftPackageProductDependency section */
		3013B2B901EC86752BF50AB0 /* SwiftCheck */ = {
			isa = XCSwiftPackageProductDependency;
			package = B82B7B87A642BD0E2E61F990 /* XCRemoteSwiftPackageReference "SwiftCheck" */;
			productName = SwiftCheck;
		};
		C86B33178AE90778BCAA8296 /* GoogleGenerativeAI */ = {
			isa = XCSwiftPackageProductDependency;
			package = D1F28F03B1B60FF1FCD27FA4 /* XCRemoteSwiftPackageReference "generative-ai-swift" */;
			productName = GoogleGenerativeAI;
		};
/* End XCSwiftPackageProductDependency section */
	};
	rootObject = DD0D3D36A00E4D9B2C582876 /* Project object */;
}
