{
  "originHash" : "f04b80d97461342dfda3f7bd4ea44cc6e21cdfbf97e8623d01ea1bd034315478",
  "pins" : [
    {
      "identity" : "chalk",
      "kind" : "remoteSourceControl",
      "location" : "https://github.com/mxcl/Chalk.git",
      "state" : {
        "revision" : "a7f58e47a08ca5a84f73acc4bcf6c2c19d990609",
        "version" : "0.5.0"
      }
    },
    {
      "identity" : "filecheck",
      "kind" : "remoteSourceControl",
      "location" : "https://github.com/llvm-swift/FileCheck.git",
      "state" : {
        "revision" : "f7c5f1a9479b33a876a6f5632ca2b92a7ce4b667",
        "version" : "0.2.6"
      }
    },
    {
      "identity" : "generative-ai-swift",
      "kind" : "remoteSourceControl",
      "location" : "https://github.com/google-gemini/generative-ai-swift.git",
      "state" : {
        "revision" : "44b8ce120425f9cf53ca756f3434ca2c2696f8bd",
        "version" : "0.5.6"
      }
    },
    {
      "identity" : "swift-argument-parser",
      "kind" : "remoteSourceControl",
      "location" : "https://github.com/apple/swift-argument-parser",
      "state" : {
        "revision" : "626b5b7b2f45e1b0b1c6f4a309296d1d21d7311b",
        "version" : "1.7.1"
      }
    },
    {
      "identity" : "swiftcheck",
      "kind" : "remoteSourceControl",
      "location" : "https://github.com/typelift/SwiftCheck.git",
      "state" : {
        "revision" : "077c096c3ddfc38db223ac8e525ad16ffb987138",
        "version" : "0.12.0"
      }
    }
  ],
  "version" : 3
}
